# THIS IS AN AUTOGENERATED FILE. DO NOT EDIT THIS FILE DIRECTLY.
# yarn lockfile v1


lucide-react@^0.453.0:
  version "0.453.0"
  resolved "https://registry.yarnpkg.com/lucide-react/-/lucide-react-0.453.0.tgz#d37909a45a29d89680383a202ee861224b05ba6a"
  integrity sha512-kL+RGZCcJi9BvJtzg2kshO192Ddy9hv3ij+cPrVPWSRzgCWCVazoQJxOjAwgK53NomL07HB7GPHW120FimjNhQ==
